<Solution>
  <Project Path="src/Valid.Generator/Valid.Generator.csproj" />
  <Project Path="src/Valid.Mcp/Valid.Mcp.csproj" />
  <Project Path="samples/Valid.Sample.Blazor/Valid.Sample.Blazor.csproj" />
  <Project Path="samples/Valid.Sample/Valid.Sample.csproj" />
  <Project Path="samples/Valid.Samples/Valid.Samples.csproj" />
  <Project Path="tests/Valid.Testing/Valid.Testing.csproj" />
  <Project Path="src/Valid/Valid.csproj" />
</Solution>
